// !$*UTF8*$!
{
	archiveVersion = 1;
	classes = {
	};
	objectVersion = 50;
	objects = {

/* Begin PBXBuildFile section */
		D31B3CC0265FD86800EB5A5A /* researchWeatherViewController.swift in Sources */ = {isa = PBXBuildFile; fileRef = D31B3CBF265FD86800EB5A5A /* researchWeatherViewController.swift */; };
		D31B3CC2265FE6DC00EB5A5A /* Weather.swift in Sources */ = {isa = PBXBuildFile; fileRef = D31B3CC1265FE6DC00EB5A5A /* Weather.swift */; };
		D3681B612660E16A00A40A2C /* WeatherService.swift in Sources */ = {isa = PBXBuildFile; fileRef = D3681B602660E16A00A40A2C /* WeatherService.swift */; };
		D39772D22664D6C2005D1927 /* ResultWeather.swift in Sources */ = {isa = PBXBuildFile; fileRef = D39772D12664D6C2005D1927 /* ResultWeather.swift */; };
		D39772D52664F12C005D1927 /* AlerteManager.swift in Sources */ = {isa = PBXBuildFile; fileRef = D39772D42664F12C005D1927 /* AlerteManager.swift */; };
		D3EB0044265F8D670039D3B7 /* AppDelegate.swift in Sources */ = {isa = PBXBuildFile; fileRef = D3EB0043265F8D670039D3B7 /* AppDelegate.swift */; };
		D3EB0046265F8D670039D3B7 /* SceneDelegate.swift in Sources */ = {isa = PBXBuildFile; fileRef = D3EB0045265F8D670039D3B7 /* SceneDelegate.swift */; };
		D3EB004B265F8D670039D3B7 /* Main.storyboard in Resources */ = {isa = PBXBuildFile; fileRef = D3EB0049265F8D670039D3B7 /* Main.storyboard */; };
		D3EB004D265F8D670039D3B7 /* Assets.xcassets in Resources */ = {isa = PBXBuildFile; fileRef = D3EB004C265F8D670039D3B7 /* Assets.xcassets */; };
		D3EB0050265F8D670039D3B7 /* LaunchScreen.storyboard in Resources */ = {isa = PBXBuildFile; fileRef = D3EB004E265F8D670039D3B7 /* LaunchScreen.storyboard */; };
		D3EB005B265F94FE0039D3B7 /* ThirstySoftRegular.otf in Resources */ = {isa = PBXBuildFile; fileRef = D3EB005A265F94FE0039D3B7 /* ThirstySoftRegular.otf */; };
		D3EB005F265F9D9D0039D3B7 /* FormMonneyViewController.swift in Sources */ = {isa = PBXBuildFile; fileRef = D3EB005E265F9D9D0039D3B7 /* FormMonneyViewController.swift */; };
		D3EB0061265F9DAA0039D3B7 /* FormWeatherViewController.swift in Sources */ = {isa = PBXBuildFile; fileRef = D3EB0060265F9DAA0039D3B7 /* FormWeatherViewController.swift */; };
		D3EB0063265F9DB60039D3B7 /* FormTranslateViewController.swift in Sources */ = {isa = PBXBuildFile; fileRef = D3EB0062265F9DB60039D3B7 /* FormTranslateViewController.swift */; };
/* End PBXBuildFile section */

/* Begin PBXFileReference section */
		D31B3CBF265FD86800EB5A5A /* researchWeatherViewController.swift */ = {isa = PBXFileReference; lastKnownFileType = sourcecode.swift; path = researchWeatherViewController.swift; sourceTree = "<group>"; };
		D31B3CC1265FE6DC00EB5A5A /* Weather.swift */ = {isa = PBXFileReference; lastKnownFileType = sourcecode.swift; path = Weather.swift; sourceTree = "<group>"; };
		D3681B602660E16A00A40A2C /* WeatherService.swift */ = {isa = PBXFileReference; lastKnownFileType = sourcecode.swift; path = WeatherService.swift; sourceTree = "<group>"; };
		D39772D12664D6C2005D1927 /* ResultWeather.swift */ = {isa = PBXFileReference; lastKnownFileType = sourcecode.swift; path = ResultWeather.swift; sourceTree = "<group>"; };
		D39772D42664F12C005D1927 /* AlerteManager.swift */ = {isa = PBXFileReference; lastKnownFileType = sourcecode.swift; path = AlerteManager.swift; sourceTree = "<group>"; };
		D3EB0040265F8D670039D3B7 /* Baluchon.app */ = {isa = PBXFileReference; explicitFileType = wrapper.application; includeInIndex = 0; path = Baluchon.app; sourceTree = BUILT_PRODUCTS_DIR; };
		D3EB0043265F8D670039D3B7 /* AppDelegate.swift */ = {isa = PBXFileReference; lastKnownFileType = sourcecode.swift; path = AppDelegate.swift; sourceTree = "<group>"; };
		D3EB0045265F8D670039D3B7 /* SceneDelegate.swift */ = {isa = PBXFileReference; lastKnownFileType = sourcecode.swift; path = SceneDelegate.swift; sourceTree = "<group>"; };
		D3EB004A265F8D670039D3B7 /* Base */ = {isa = PBXFileReference; lastKnownFileType = file.storyboard; name = Base; path = Base.lproj/Main.storyboard; sourceTree = "<group>"; };
		D3EB004C265F8D670039D3B7 /* Assets.xcassets */ = {isa = PBXFileReference; lastKnownFileType = folder.assetcatalog; path = Assets.xcassets; sourceTree = "<group>"; };
		D3EB004F265F8D670039D3B7 /* Base */ = {isa = PBXFileReference; lastKnownFileType = file.storyboard; name = Base; path = Base.lproj/LaunchScreen.storyboard; sourceTree = "<group>"; };
		D3EB0051265F8D670039D3B7 /* Info.plist */ = {isa = PBXFileReference; lastKnownFileType = text.plist.xml; path = Info.plist; sourceTree = "<group>"; };
		D3EB005A265F94FE0039D3B7 /* ThirstySoftRegular.otf */ = {isa = PBXFileReference; lastKnownFileType = file; path = ThirstySoftRegular.otf; sourceTree = "<group>"; };
		D3EB005E265F9D9D0039D3B7 /* FormMonneyViewController.swift */ = {isa = PBXFileReference; lastKnownFileType = sourcecode.swift; path = FormMonneyViewController.swift; sourceTree = "<group>"; };
		D3EB0060265F9DAA0039D3B7 /* FormWeatherViewController.swift */ = {isa = PBXFileReference; lastKnownFileType = sourcecode.swift; path = FormWeatherViewController.swift; sourceTree = "<group>"; };
		D3EB0062265F9DB60039D3B7 /* FormTranslateViewController.swift */ = {isa = PBXFileReference; lastKnownFileType = sourcecode.swift; path = FormTranslateViewController.swift; sourceTree = "<group>"; };
/* End PBXFileReference section */

/* Begin PBXFrameworksBuildPhase section */
		D3EB003D265F8D670039D3B7 /* Frameworks */ = {
			isa = PBXFrameworksBuildPhase;
			buildActionMask = 2147483647;
			files = (
			);
			runOnlyForDeploymentPostprocessing = 0;
		};
/* End PBXFrameworksBuildPhase section */

/* Begin PBXGroup section */
		D39772D32664F112005D1927 /* Manage */ = {
			isa = PBXGroup;
			children = (
				D39772D42664F12C005D1927 /* AlerteManager.swift */,
			);
			name = Manage;
			sourceTree = "<group>";
		};
		D3EB0037265F8D670039D3B7 = {
			isa = PBXGroup;
			children = (
				D3EB0042265F8D670039D3B7 /* Baluchon */,
				D3EB0041265F8D670039D3B7 /* Products */,
			);
			sourceTree = "<group>";
		};
		D3EB0041265F8D670039D3B7 /* Products */ = {
			isa = PBXGroup;
			children = (
				D3EB0040265F8D670039D3B7 /* Baluchon.app */,
			);
			name = Products;
			sourceTree = "<group>";
		};
		D3EB0042265F8D670039D3B7 /* Baluchon */ = {
			isa = PBXGroup;
			children = (
				D39772D32664F112005D1927 /* Manage */,
				D3EB0059265F8E250039D3B7 /* View */,
				D3EB0058265F8E230039D3B7 /* Controller */,
				D3EB0057265F8E210039D3B7 /* model */,
				D3EB0043265F8D670039D3B7 /* AppDelegate.swift */,
				D3EB0045265F8D670039D3B7 /* SceneDelegate.swift */,
				D3EB005A265F94FE0039D3B7 /* ThirstySoftRegular.otf */,
				D3EB0051265F8D670039D3B7 /* Info.plist */,
			);
			path = Baluchon;
			sourceTree = "<group>";
		};
		D3EB0057265F8E210039D3B7 /* model */ = {
			isa = PBXGroup;
			children = (
				D31B3CC1265FE6DC00EB5A5A /* Weather.swift */,
				D3681B602660E16A00A40A2C /* WeatherService.swift */,
				D39772D12664D6C2005D1927 /* ResultWeather.swift */,
			);
			path = model;
			sourceTree = "<group>";
		};
		D3EB0058265F8E230039D3B7 /* Controller */ = {
			isa = PBXGroup;
			children = (
				D3EB005E265F9D9D0039D3B7 /* FormMonneyViewController.swift */,
				D3EB0062265F9DB60039D3B7 /* FormTranslateViewController.swift */,
				D3EB0060265F9DAA0039D3B7 /* FormWeatherViewController.swift */,
				D31B3CBF265FD86800EB5A5A /* researchWeatherViewController.swift */,
			);
			path = Controller;
			sourceTree = "<group>";
		};
		D3EB0059265F8E250039D3B7 /* View */ = {
			isa = PBXGroup;
			children = (
				D3EB0049265F8D670039D3B7 /* Main.storyboard */,
				D3EB004E265F8D670039D3B7 /* LaunchScreen.storyboard */,
				D3EB004C265F8D670039D3B7 /* Assets.xcassets */,
			);
			path = View;
			sourceTree = "<group>";
		};
/* End PBXGroup section */

/* Begin PBXNativeTarget section */
		D3EB003F265F8D670039D3B7 /* Baluchon */ = {
			isa = PBXNativeTarget;
			buildConfigurationList = D3EB0054265F8D670039D3B7 /* Build configuration list for PBXNativeTarget "Baluchon" */;
			buildPhases = (
				D3EB003C265F8D670039D3B7 /* Sources */,
				D3EB003D265F8D670039D3B7 /* Frameworks */,
				D3EB003E265F8D670039D3B7 /* Resources */,
			);
			buildRules = (
			);
			dependencies = (
			);
			name = Baluchon;
			productName = Baluchon;
			productReference = D3EB0040265F8D670039D3B7 /* Baluchon.app */;
			productType = "com.apple.product-type.application";
		};
/* End PBXNativeTarget section */

/* Begin PBXProject section */
		D3EB0038265F8D670039D3B7 /* Project object */ = {
			isa = PBXProject;
			attributes = {
				LastSwiftUpdateCheck = 1250;
				LastUpgradeCheck = 1250;
				TargetAttributes = {
					D3EB003F265F8D670039D3B7 = {
						CreatedOnToolsVersion = 12.5;
					};
				};
			};
			buildConfigurationList = D3EB003B265F8D670039D3B7 /* Build configuration list for PBXProject "Baluchon" */;
			compatibilityVersion = "Xcode 9.3";
			developmentRegion = en;
			hasScannedForEncodings = 0;
			knownRegions = (
				en,
				Base,
			);
			mainGroup = D3EB0037265F8D670039D3B7;
			productRefGroup = D3EB0041265F8D670039D3B7 /* Products */;
			projectDirPath = "";
			projectRoot = "";
			targets = (
				D3EB003F265F8D670039D3B7 /* Baluchon */,
			);
		};
/* End PBXProject section */

/* Begin PBXResourcesBuildPhase section */
		D3EB003E265F8D670039D3B7 /* Resources */ = {
			isa = PBXResourcesBuildPhase;
			buildActionMask = 2147483647;
			files = (
				D3EB0050265F8D670039D3B7 /* LaunchScreen.storyboard in Resources */,
				D3EB004D265F8D670039D3B7 /* Assets.xcassets in Resources */,
				D3EB005B265F94FE0039D3B7 /* ThirstySoftRegular.otf in Resources */,
				D3EB004B265F8D670039D3B7 /* Main.storyboard in Resources */,
			);
			runOnlyForDeploymentPostprocessing = 0;
		};
/* End PBXResourcesBuildPhase section */

/* Begin PBXSourcesBuildPhase section */
		D3EB003C265F8D670039D3B7 /* Sources */ = {
			isa = PBXSourcesBuildPhase;
			buildActionMask = 2147483647;
			files = (
				D3681B612660E16A00A40A2C /* WeatherService.swift in Sources */,
				D3EB0063265F9DB60039D3B7 /* FormTranslateViewController.swift in Sources */,
				D3EB0044265F8D670039D3B7 /* AppDelegate.swift in Sources */,
				D3EB0061265F9DAA0039D3B7 /* FormWeatherViewController.swift in Sources */,
				D3EB005F265F9D9D0039D3B7 /* FormMonneyViewController.swift in Sources */,
				D3EB0046265F8D670039D3B7 /* SceneDelegate.swift in Sources */,
				D39772D22664D6C2005D1927 /* ResultWeather.swift in Sources */,
				D31B3CC0265FD86800EB5A5A /* researchWeatherViewController.swift in Sources */,
				D39772D52664F12C005D1927 /* AlerteManager.swift in Sources */,
				D31B3CC2265FE6DC00EB5A5A /* Weather.swift in Sources */,
			);
			runOnlyForDeploymentPostprocessing = 0;
		};
/* End PBXSourcesBuildPhase section */

/* Begin PBXVariantGroup section */
		D3EB0049265F8D670039D3B7 /* Main.storyboard */ = {
			isa = PBXVariantGroup;
			children = (
				D3EB004A265F8D670039D3B7 /* Base */,
			);
			name = Main.storyboard;
			sourceTree = "<group>";
		};
		D3EB004E265F8D670039D3B7 /* LaunchScreen.storyboard */ = {
			isa = PBXVariantGroup;
			children = (
				D3EB004F265F8D670039D3B7 /* Base */,
			);
			name = LaunchScreen.storyboard;
			sourceTree = "<group>";
		};
/* End PBXVariantGroup section */

/* Begin XCBuildConfiguration section */
		D3EB0052265F8D670039D3B7 /* Debug */ = {
			isa = XCBuildConfiguration;
			buildSettings = {
				ALWAYS_SEARCH_USER_PATHS = NO;
				CLANG_ANALYZER_NONNULL = YES;
				CLANG_ANALYZER_NUMBER_OBJECT_CONVERSION = YES_AGGRESSIVE;
				CLANG_CXX_LANGUAGE_STANDARD = "gnu++14";
				CLANG_CXX_LIBRARY = "libc++";
				CLANG_ENABLE_MODULES = YES;
				CLANG_ENABLE_OBJC_ARC = YES;
				CLANG_ENABLE_OBJC_WEAK = YES;
				CLANG_WARN_BLOCK_CAPTURE_AUTORELEASING = YES;
				CLANG_WARN_BOOL_CONVERSION = YES;
				CLANG_WARN_COMMA = YES;
				CLANG_WARN_CONSTANT_CONVERSION = YES;
				CLANG_WARN_DEPRECATED_OBJC_IMPLEMENTATIONS = YES;
				CLANG_WARN_DIRECT_OBJC_ISA_USAGE = YES_ERROR;
				CLANG_WARN_DOCUMENTATION_COMMENTS = YES;
				CLANG_WARN_EMPTY_BODY = YES;
				CLANG_WARN_ENUM_CONVERSION = YES;
				CLANG_WARN_INFINITE_RECURSION = YES;
				CLANG_WARN_INT_CONVERSION = YES;
				CLANG_WARN_NON_LITERAL_NULL_CONVERSION = YES;
				CLANG_WARN_OBJC_IMPLICIT_RETAIN_SELF = YES;
				CLANG_WARN_OBJC_LITERAL_CONVERSION = YES;
				CLANG_WARN_OBJC_ROOT_CLASS = YES_ERROR;
				CLANG_WARN_QUOTED_INCLUDE_IN_FRAMEWORK_HEADER = YES;
				CLANG_WARN_RANGE_LOOP_ANALYSIS = YES;
				CLANG_WARN_STRICT_PROTOTYPES = YES;
				CLANG_WARN_SUSPICIOUS_MOVE = YES;
				CLANG_WARN_UNGUARDED_AVAILABILITY = YES_AGGRESSIVE;
				CLANG_WARN_UNREACHABLE_CODE = YES;
				CLANG_WARN__DUPLICATE_METHOD_MATCH = YES;
				COPY_PHASE_STRIP = NO;
				DEBUG_INFORMATION_FORMAT = dwarf;
				ENABLE_STRICT_OBJC_MSGSEND = YES;
				ENABLE_TESTABILITY = YES;
				GCC_C_LANGUAGE_STANDARD = gnu11;
				GCC_DYNAMIC_NO_PIC = NO;
				GCC_NO_COMMON_BLOCKS = YES;
				GCC_OPTIMIZATION_LEVEL = 0;
				GCC_PREPROCESSOR_DEFINITIONS = (
					"DEBUG=1",
					"$(inherited)",
				);
				GCC_WARN_64_TO_32_BIT_CONVERSION = YES;
				GCC_WARN_ABOUT_RETURN_TYPE = YES_ERROR;
				GCC_WARN_UNDECLARED_SELECTOR = YES;
				GCC_WARN_UNINITIALIZED_AUTOS = YES_AGGRESSIVE;
				GCC_WARN_UNUSED_FUNCTION = YES;
				GCC_WARN_UNUSED_VARIABLE = YES;
				IPHONEOS_DEPLOYMENT_TARGET = 14.5;
				MTL_ENABLE_DEBUG_INFO = INCLUDE_SOURCE;
				MTL_FAST_MATH = YES;
				ONLY_ACTIVE_ARCH = YES;
				SDKROOT = iphoneos;
				SWIFT_ACTIVE_COMPILATION_CONDITIONS = DEBUG;
				SWIFT_OPTIMIZATION_LEVEL = "-Onone";
			};
			name = Debug;
		};
		D3EB0053265F8D670039D3B7 /* Release */ = {
			isa = XCBuildConfiguration;
			buildSettings = {
				ALWAYS_SEARCH_USER_PATHS = NO;
				CLANG_ANALYZER_NONNULL = YES;
				CLANG_ANALYZER_NUMBER_OBJECT_CONVERSION = YES_AGGRESSIVE;
				CLANG_CXX_LANGUAGE_STANDARD = "gnu++14";
				CLANG_CXX_LIBRARY = "libc++";
				CLANG_ENABLE_MODULES = YES;
				CLANG_ENABLE_OBJC_ARC = YES;
				CLANG_ENABLE_OBJC_WEAK = YES;
				CLANG_WARN_BLOCK_CAPTURE_AUTORELEASING = YES;
				CLANG_WARN_BOOL_CONVERSION = YES;
				CLANG_WARN_COMMA = YES;
				CLANG_WARN_CONSTANT_CONVERSION = YES;
				CLANG_WARN_DEPRECATED_OBJC_IMPLEMENTATIONS = YES;
				CLANG_WARN_DIRECT_OBJC_ISA_USAGE = YES_ERROR;
				CLANG_WARN_DOCUMENTATION_COMMENTS = YES;
				CLANG_WARN_EMPTY_BODY = YES;
				CLANG_WARN_ENUM_CONVERSION = YES;
				CLANG_WARN_INFINITE_RECURSION = YES;
				CLANG_WARN_INT_CONVERSION = YES;
				CLANG_WARN_NON_LITERAL_NULL_CONVERSION = YES;
				CLANG_WARN_OBJC_IMPLICIT_RETAIN_SELF = YES;
				CLANG_WARN_OBJC_LITERAL_CONVERSION = YES;
				CLANG_WARN_OBJC_ROOT_CLASS = YES_ERROR;
				CLANG_WARN_QUOTED_INCLUDE_IN_FRAMEWORK_HEADER = YES;
				CLANG_WARN_RANGE_LOOP_ANALYSIS = YES;
				CLANG_WARN_STRICT_PROTOTYPES = YES;
				CLANG_WARN_SUSPICIOUS_MOVE = YES;
				CLANG_WARN_UNGUARDED_AVAILABILITY = YES_AGGRESSIVE;
				CLANG_WARN_UNREACHABLE_CODE = YES;
				CLANG_WARN__DUPLICATE_METHOD_MATCH = YES;
				COPY_PHASE_STRIP = NO;
				DEBUG_INFORMATION_FORMAT = "dwarf-with-dsym";
				ENABLE_NS_ASSERTIONS = NO;
				ENABLE_STRICT_OBJC_MSGSEND = YES;
				GCC_C_LANGUAGE_STANDARD = gnu11;
				GCC_NO_COMMON_BLOCKS = YES;
				GCC_WARN_64_TO_32_BIT_CONVERSION = YES;
				GCC_WARN_ABOUT_RETURN_TYPE = YES_ERROR;
				GCC_WARN_UNDECLARED_SELECTOR = YES;
				GCC_WARN_UNINITIALIZED_AUTOS = YES_AGGRESSIVE;
				GCC_WARN_UNUSED_FUNCTION = YES;
				GCC_WARN_UNUSED_VARIABLE = YES;
				IPHONEOS_DEPLOYMENT_TARGET = 14.5;
				MTL_ENABLE_DEBUG_INFO = NO;
				MTL_FAST_MATH = YES;
				SDKROOT = iphoneos;
				SWIFT_COMPILATION_MODE = wholemodule;
				SWIFT_OPTIMIZATION_LEVEL = "-O";
				VALIDATE_PRODUCT = YES;
			};
			name = Release;
		};
		D3EB0055265F8D670039D3B7 /* Debug */ = {
			isa = XCBuildConfiguration;
			buildSettings = {
				ASSETCATALOG_COMPILER_APPICON_NAME = AppIcon;
				ASSETCATALOG_COMPILER_GLOBAL_ACCENT_COLOR_NAME = AccentColor;
				CODE_SIGN_STYLE = Automatic;
				DEVELOPMENT_TEAM = MMWV3F3KVU;
				INFOPLIST_FILE = Baluchon/Info.plist;
				LD_RUNPATH_SEARCH_PATHS = (
					"$(inherited)",
					"@executable_path/Frameworks",
				);
				PRODUCT_BUNDLE_IDENTIFIER = fr.FriessBrian.Baluchon;
				PRODUCT_NAME = "$(TARGET_NAME)";
				SWIFT_VERSION = 5.0;
				TARGETED_DEVICE_FAMILY = "1,2";
			};
			name = Debug;
		};
		D3EB0056265F8D670039D3B7 /* Release */ = {
			isa = XCBuildConfiguration;
			buildSettings = {
				ASSETCATALOG_COMPILER_APPICON_NAME = AppIcon;
				ASSETCATALOG_COMPILER_GLOBAL_ACCENT_COLOR_NAME = AccentColor;
				CODE_SIGN_STYLE = Automatic;
				DEVELOPMENT_TEAM = MMWV3F3KVU;
				INFOPLIST_FILE = Baluchon/Info.plist;
				LD_RUNPATH_SEARCH_PATHS = (
					"$(inherited)",
					"@executable_path/Frameworks",
				);
				PRODUCT_BUNDLE_IDENTIFIER = fr.FriessBrian.Baluchon;
				PRODUCT_NAME = "$(TARGET_NAME)";
				SWIFT_VERSION = 5.0;
				TARGETED_DEVICE_FAMILY = "1,2";
			};
			name = Release;
		};
/* End XCBuildConfiguration section */

/* Begin XCConfigurationList section */
		D3EB003B265F8D670039D3B7 /* Build configuration list for PBXProject "Baluchon" */ = {
			isa = XCConfigurationList;
			buildConfigurations = (
				D3EB0052265F8D670039D3B7 /* Debug */,
				D3EB0053265F8D670039D3B7 /* Release */,
			);
			defaultConfigurationIsVisible = 0;
			defaultConfigurationName = Release;
		};
		D3EB0054265F8D670039D3B7 /* Build configuration list for PBXNativeTarget "Baluchon" */ = {
			isa = XCConfigurationList;
			buildConfigurations = (
				D3EB0055265F8D670039D3B7 /* Debug */,
				D3EB0056265F8D670039D3B7 /* Release */,
			);
			defaultConfigurationIsVisible = 0;
			defaultConfigurationName = Release;
		};
/* End XCConfigurationList section */
	};
	rootObject = D3EB0038265F8D670039D3B7 /* Project object */;
}
